
Microsoft Visual Studio Solution File, Format Version 12.00
# Visual Studio Version 17
VisualStudioVersion = 17.1.32210.238
MinimumVisualStudioVersion = 10.0.40219.1
Project("{9A19103F-16F7-4668-BE54-9A1E7A4F7556}") = "Challenge2", "Challenge2.csproj", "{4EADF456-01EA-485A-A216-1ACD2B4445C7}"
EndProject
Project("{9A19103F-16F7-4668-BE54-9A1E7A4F7556}") = "TestProject1", "..\UnitTest\TestProject1.csproj", "{EBDED487-9779-4C9E-9511-369F44EF438D}"
EndProject
Global
	GlobalSection(SolutionConfigurationPlatforms) = preSolution
		Debug|Any CPU = Debug|Any CPU
		Release|Any CPU = Release|Any CPU
	EndGlobalSection
	GlobalSection(ProjectConfigurationPlatforms) = postSolution
		{4EADF456-01EA-485A-A216-1ACD2B4445C7}.Debug|Any CPU.ActiveCfg = Debug|Any CPU
		{4EADF456-01EA-485A-A216-1ACD2B4445C7}.Debug|Any CPU.Build.0 = Debug|Any CPU
		{4EADF456-01EA-485A-A216-1ACD2B4445C7}.Release|Any CPU.ActiveCfg = Release|Any CPU
		{4EADF456-01EA-485A-A216-1ACD2B4445C7}.Release|Any CPU.Build.0 = Release|Any CPU
		{EBDED487-9779-4C9E-9511-369F44EF438D}.Debug|Any CPU.ActiveCfg = Debug|Any CPU
		{EBDED487-9779-4C9E-9511-369F44EF438D}.Debug|Any CPU.Build.0 = Debug|Any CPU
		{EBDED487-9779-4C9E-9511-369F44EF438D}.Release|Any CPU.ActiveCfg = Release|Any CPU
		{EBDED487-9779-4C9E-9511-369F44EF438D}.Release|Any CPU.Build.0 = Release|Any CPU
	EndGlobalSection
	GlobalSection(SolutionProperties) = preSolution
		HideSolutionNode = FALSE
	EndGlobalSection
	GlobalSection(ExtensibilityGlobals) = postSolution
		SolutionGuid = {4AD31CF7-48F0-45CF-ACF6-F0F364933560}
	EndGlobalSection
EndGlobal
